
Microsoft Visual Studio Solution File, Format Version 12.00
# Visual Studio Version 16
VisualStudioVersion = 16.0.31702.278
MinimumVisualStudioVersion = 10.0.40219.1
Project("{FAE04EC0-301F-11D3-BF4B-00C04F79EFBC}") = "MobileDev07.XamarinAdvanced.Android", "MobileDev07.XamarinAdvanced\MobileDev07.XamarinAdvanced.Android\MobileDev07.XamarinAdvanced.Android.csproj", "{E98AB791-4A84-4349-8EAA-731D3EDD781A}"
EndProject
Project("{FAE04EC0-301F-11D3-BF4B-00C04F79EFBC}") = "MobileDev07.XamarinAdvanced", "MobileDev07.XamarinAdvanced\MobileDev07.XamarinAdvanced\MobileDev07.XamarinAdvanced.csproj", "{407EA173-C825-4CFC-9E89-E6C9A41ED76E}"
EndProject
Global
	GlobalSection(SolutionConfigurationPlatforms) = preSolution
		Debug|Any CPU = Debug|Any CPU
		Release|Any CPU = Release|Any CPU
	EndGlobalSection
	GlobalSection(ProjectConfigurationPlatforms) = postSolution
		{E98AB791-4A84-4349-8EAA-731D3EDD781A}.Debug|Any CPU.ActiveCfg = Debug|Any CPU
		{E98AB791-4A84-4349-8EAA-731D3EDD781A}.Debug|Any CPU.Build.0 = Debug|Any CPU
		{E98AB791-4A84-4349-8EAA-731D3EDD781A}.Debug|Any CPU.Deploy.0 = Debug|Any CPU
		{E98AB791-4A84-4349-8EAA-731D3EDD781A}.Release|Any CPU.ActiveCfg = Release|Any CPU
		{E98AB791-4A84-4349-8EAA-731D3EDD781A}.Release|Any CPU.Build.0 = Release|Any CPU
		{E98AB791-4A84-4349-8EAA-731D3EDD781A}.Release|Any CPU.Deploy.0 = Release|Any CPU
		{407EA173-C825-4CFC-9E89-E6C9A41ED76E}.Debug|Any CPU.ActiveCfg = Debug|Any CPU
		{407EA173-C825-4CFC-9E89-E6C9A41ED76E}.Debug|Any CPU.Build.0 = Debug|Any CPU
		{407EA173-C825-4CFC-9E89-E6C9A41ED76E}.Debug|Any CPU.Deploy.0 = Debug|Any CPU
		{407EA173-C825-4CFC-9E89-E6C9A41ED76E}.Release|Any CPU.ActiveCfg = Release|Any CPU
		{407EA173-C825-4CFC-9E89-E6C9A41ED76E}.Release|Any CPU.Build.0 = Release|Any CPU
		{407EA173-C825-4CFC-9E89-E6C9A41ED76E}.Release|Any CPU.Deploy.0 = Release|Any CPU
	EndGlobalSection
	GlobalSection(SolutionProperties) = preSolution
		HideSolutionNode = FALSE
	EndGlobalSection
	GlobalSection(ExtensibilityGlobals) = postSolution
		SolutionGuid = {830BB8D9-7574-4C4D-B5B7-9314134E04DD}
	EndGlobalSection
EndGlobal
